// !$*UTF8*$!
{
	archiveVersion = 1;
	classes = {
	};
	objectVersion = 50;
	objects = {

/* Begin PBXBuildFile section */
		05AFBC52224DC3EA002FD9BA /* AppDelegate.swift in Sources */ = {isa = PBXBuildFile; fileRef = 05AFBC51224DC3EA002FD9BA /* AppDelegate.swift */; };
		05AFBC54224DC3EA002FD9BA /* ViewController.swift in Sources */ = {isa = PBXBuildFile; fileRef = 05AFBC53224DC3EA002FD9BA /* ViewController.swift */; };
		05AFBC57224DC3EA002FD9BA /* Main.storyboard in Resources */ = {isa = PBXBuildFile; fileRef = 05AFBC55224DC3EA002FD9BA /* Main.storyboard */; };
		05AFBC59224DC3EB002FD9BA /* Assets.xcassets in Resources */ = {isa = PBXBuildFile; fileRef = 05AFBC58224DC3EB002FD9BA /* Assets.xcassets */; };
		05AFBC5C224DC3EB002FD9BA /* LaunchScreen.storyboard in Resources */ = {isa = PBXBuildFile; fileRef = 05AFBC5A224DC3EB002FD9BA /* LaunchScreen.storyboard */; };
/* End PBXBuildFile section */

/* Begin PBXFileReference section */
		05AFBC4E224DC3EA002FD9BA /* Core Animations.app */ = {isa = PBXFileReference; explicitFileType = wrapper.application; includeInIndex = 0; path = "Core Animations.app"; sourceTree = BUILT_PRODUCTS_DIR; };
		05AFBC51224DC3EA002FD9BA /* AppDelegate.swift */ = {isa = PBXFileReference; lastKnownFileType = sourcecode.swift; path = AppDelegate.swift; sourceTree = "<group>"; };
		05AFBC53224DC3EA002FD9BA /* ViewController.swift */ = {isa = PBXFileReference; lastKnownFileType = sourcecode.swift; path = ViewController.swift; sourceTree = "<group>"; };
		05AFBC56224DC3EA002FD9BA /* Base */ = {isa = PBXFileReference; lastKnownFileType = file.storyboard; name = Base; path = Base.lproj/Main.storyboard; sourceTree = "<group>"; };
		05AFBC58224DC3EB002FD9BA /* Assets.xcassets */ = {isa = PBXFileReference; lastKnownFileType = folder.assetcatalog; path = Assets.xcassets; sourceTree = "<group>"; };
		05AFBC5B224DC3EB002FD9BA /* Base */ = {isa = PBXFileReference; lastKnownFileType = file.storyboard; name = Base; path = Base.lproj/LaunchScreen.storyboard; sourceTree = "<group>"; };
		05AFBC5D224DC3EB002FD9BA /* Info.plist */ = {isa = PBXFileReference; lastKnownFileType = text.plist.xml; path = Info.plist; sourceTree = "<group>"; };
/* End PBXFileReference section */

/* Begin PBXFrameworksBuildPhase section */
		05AFBC4B224DC3EA002FD9BA /* Frameworks */ = {
			isa = PBXFrameworksBuildPhase;
			buildActionMask = 2147483647;
			files = (
			);
			runOnlyForDeploymentPostprocessing = 0;
		};
/* End PBXFrameworksBuildPhase section */

/* Begin PBXGroup section */
		05AFBC45224DC3EA002FD9BA = {
			isa = PBXGroup;
			children = (
				05AFBC50224DC3EA002FD9BA /* Core Animations */,
				05AFBC4F224DC3EA002FD9BA /* Products */,
			);
			sourceTree = "<group>";
		};
		05AFBC4F224DC3EA002FD9BA /* Products */ = {
			isa = PBXGroup;
			children = (
				05AFBC4E224DC3EA002FD9BA /* Core Animations.app */,
			);
			name = Products;
			sourceTree = "<group>";
		};
		05AFBC50224DC3EA002FD9BA /* Core Animations */ = {
			isa = PBXGroup;
			children = (
				05AFBC51224DC3EA002FD9BA /* AppDelegate.swift */,
				05AFBC53224DC3EA002FD9BA /* ViewController.swift */,
				05AFBC55224DC3EA002FD9BA /* Main.storyboard */,
				05AFBC58224DC3EB002FD9BA /* Assets.xcassets */,
				05AFBC5A224DC3EB002FD9BA /* LaunchScreen.storyboard */,
				05AFBC5D224DC3EB002FD9BA /* Info.plist */,
			);
			path = "Core Animations";
			sourceTree = "<group>";
		};
/* End PBXGroup section */

/* Begin PBXNativeTarget section */
		05AFBC4D224DC3EA002FD9BA /* Core Animations */ = {
			isa = PBXNativeTarget;
			buildConfigurationList = 05AFBC60224DC3EB002FD9BA /* Build configuration list for PBXNativeTarget "Core Animations" */;
			buildPhases = (
				05AFBC4A224DC3EA002FD9BA /* Sources */,
				05AFBC4B224DC3EA002FD9BA /* Frameworks */,
				05AFBC4C224DC3EA002FD9BA /* Resources */,
			);
			buildRules = (
			);
			dependencies = (
			);
			name = "Core Animations";
			productName = "Core Animations";
			productReference = 05AFBC4E224DC3EA002FD9BA /* Core Animations.app */;
			productType = "com.apple.product-type.application";
		};
/* End PBXNativeTarget section */

/* Begin PBXProject section */
		05AFBC46224DC3EA002FD9BA /* Project object */ = {
			isa = PBXProject;
			attributes = {
				LastSwiftUpdateCheck = 1020;
				LastUpgradeCheck = 1020;
				ORGANIZATIONNAME = Bilguun;
				TargetAttributes = {
					05AFBC4D224DC3EA002FD9BA = {
						CreatedOnToolsVersion = 10.2;
					};
				};
			};
			buildConfigurationList = 05AFBC49224DC3EA002FD9BA /* Build configuration list for PBXProject "Core Animations" */;
			compatibilityVersion = "Xcode 9.3";
			developmentRegion = en;
			hasScannedForEncodings = 0;
			knownRegions = (
				en,
				Base,
			);
			mainGroup = 05AFBC45224DC3EA002FD9BA;
			productRefGroup = 05AFBC4F224DC3EA002FD9BA /* Products */;
			projectDirPath = "";
			projectRoot = "";
			targets = (
				05AFBC4D224DC3EA002FD9BA /* Core Animations */,
			);
		};
/* End PBXProject section */

/* Begin PBXResourcesBuildPhase section */
		05AFBC4C224DC3EA002FD9BA /* Resources */ = {
			isa = PBXResourcesBuildPhase;
			buildActionMask = 2147483647;
			files = (
				05AFBC5C224DC3EB002FD9BA /* LaunchScreen.storyboard in Resources */,
				05AFBC59224DC3EB002FD9BA /* Assets.xcassets in Resources */,
				05AFBC57224DC3EA002FD9BA /* Main.storyboard in Resources */,
			);
			runOnlyForDeploymentPostprocessing = 0;
		};
/* End PBXResourcesBuildPhase section */

/* Begin PBXSourcesBuildPhase section */
		05AFBC4A224DC3EA002FD9BA /* Sources */ = {
			isa = PBXSourcesBuildPhase;
			buildActionMask = 2147483647;
			files = (
				05AFBC54224DC3EA002FD9BA /* ViewController.swift in Sources */,
				05AFBC52224DC3EA002FD9BA /* AppDelegate.swift in Sources */,
			);
			runOnlyForDeploymentPostprocessing = 0;
		};
/* End PBXSourcesBuildPhase section */

/* Begin PBXVariantGroup section */
		05AFBC55224DC3EA002FD9BA /* Main.storyboard */ = {
			isa = PBXVariantGroup;
			children = (
				05AFBC56224DC3EA002FD9BA /* Base */,
			);
			name = Main.storyboard;
			sourceTree = "<group>";
		};
		05AFBC5A224DC3EB002FD9BA /* LaunchScreen.storyboard */ = {
			isa = PBXVariantGroup;
			children = (
				05AFBC5B224DC3EB002FD9BA /* Base */,
			);
			name = LaunchScreen.storyboard;
			sourceTree = "<group>";
		};
/* End PBXVariantGroup section */

/* Begin XCBuildConfiguration section */
		05AFBC5E224DC3EB002FD9BA /* Debug */ = {
			isa = XCBuildConfiguration;
			buildSettings = {
				ALWAYS_SEARCH_USER_PATHS = NO;
				CLANG_ANALYZER_NONNULL = YES;
				CLANG_ANALYZER_NUMBER_OBJECT_CONVERSION = YES_AGGRESSIVE;
				CLANG_CXX_LANGUAGE_STANDARD = "gnu++14";
				CLANG_CXX_LIBRARY = "libc++";
				CLANG_ENABLE_MODULES = YES;
				CLANG_ENABLE_OBJC_ARC = YES;
				CLANG_ENABLE_OBJC_WEAK = YES;
				CLANG_WARN_BLOCK_CAPTURE_AUTORELEASING = YES;
				CLANG_WARN_BOOL_CONVERSION = YES;
				CLANG_WARN_COMMA = YES;
				CLANG_WARN_CONSTANT_CONVERSION = YES;
				CLANG_WARN_DEPRECATED_OBJC_IMPLEMENTATIONS = YES;
				CLANG_WARN_DIRECT_OBJC_ISA_USAGE = YES_ERROR;
				CLANG_WARN_DOCUMENTATION_COMMENTS = YES;
				CLANG_WARN_EMPTY_BODY = YES;
				CLANG_WARN_ENUM_CONVERSION = YES;
				CLANG_WARN_INFINITE_RECURSION = YES;
				CLANG_WARN_INT_CONVERSION = YES;
				CLANG_WARN_NON_LITERAL_NULL_CONVERSION = YES;
				CLANG_WARN_OBJC_IMPLICIT_RETAIN_SELF = YES;
				CLANG_WARN_OBJC_LITERAL_CONVERSION = YES;
				CLANG_WARN_OBJC_ROOT_CLASS = YES_ERROR;
				CLANG_WARN_RANGE_LOOP_ANALYSIS = YES;
				CLANG_WARN_STRICT_PROTOTYPES = YES;
				CLANG_WARN_SUSPICIOUS_MOVE = YES;
				CLANG_WARN_UNGUARDED_AVAILABILITY = YES_AGGRESSIVE;
				CLANG_WARN_UNREACHABLE_CODE = YES;
				CLANG_WARN__DUPLICATE_METHOD_MATCH = YES;
				CODE_SIGN_IDENTITY = "iPhone Developer";
				COPY_PHASE_STRIP = NO;
				DEBUG_INFORMATION_FORMAT = dwarf;
				ENABLE_STRICT_OBJC_MSGSEND = YES;
				ENABLE_TESTABILITY = YES;
				GCC_C_LANGUAGE_STANDARD = gnu11;
				GCC_DYNAMIC_NO_PIC = NO;
				GCC_NO_COMMON_BLOCKS = YES;
				GCC_OPTIMIZATION_LEVEL = 0;
				GCC_PREPROCESSOR_DEFINITIONS = (
					"DEBUG=1",
					"$(inherited)",
				);
				GCC_WARN_64_TO_32_BIT_CONVERSION = YES;
				GCC_WARN_ABOUT_RETURN_TYPE = YES_ERROR;
				GCC_WARN_UNDECLARED_SELECTOR = YES;
				GCC_WARN_UNINITIALIZED_AUTOS = YES_AGGRESSIVE;
				GCC_WARN_UNUSED_FUNCTION = YES;
				GCC_WARN_UNUSED_VARIABLE = YES;
				IPHONEOS_DEPLOYMENT_TARGET = 12.2;
				MTL_ENABLE_DEBUG_INFO = INCLUDE_SOURCE;
				MTL_FAST_MATH = YES;
				ONLY_ACTIVE_ARCH = YES;
				SDKROOT = iphoneos;
				SWIFT_ACTIVE_COMPILATION_CONDITIONS = DEBUG;
				SWIFT_OPTIMIZATION_LEVEL = "-Onone";
			};
			name = Debug;
		};
		05AFBC5F224DC3EB002FD9BA /* Release */ = {
			isa = XCBuildConfiguration;
			buildSettings = {
				ALWAYS_SEARCH_USER_PATHS = NO;
				CLANG_ANALYZER_NONNULL = YES;
				CLANG_ANALYZER_NUMBER_OBJECT_CONVERSION = YES_AGGRESSIVE;
				CLANG_CXX_LANGUAGE_STANDARD = "gnu++14";
				CLANG_CXX_LIBRARY = "libc++";
				CLANG_ENABLE_MODULES = YES;
				CLANG_ENABLE_OBJC_ARC = YES;
				CLANG_ENABLE_OBJC_WEAK = YES;
				CLANG_WARN_BLOCK_CAPTURE_AUTORELEASING = YES;
				CLANG_WARN_BOOL_CONVERSION = YES;
				CLANG_WARN_COMMA = YES;
				CLANG_WARN_CONSTANT_CONVERSION = YES;
				CLANG_WARN_DEPRECATED_OBJC_IMPLEMENTATIONS = YES;
				CLANG_WARN_DIRECT_OBJC_ISA_USAGE = YES_ERROR;
				CLANG_WARN_DOCUMENTATION_COMMENTS = YES;
				CLANG_WARN_EMPTY_BODY = YES;
				CLANG_WARN_ENUM_CONVERSION = YES;
				CLANG_WARN_INFINITE_RECURSION = YES;
				CLANG_WARN_INT_CONVERSION = YES;
				CLANG_WARN_NON_LITERAL_NULL_CONVERSION = YES;
				CLANG_WARN_OBJC_IMPLICIT_RETAIN_SELF = YES;
				CLANG_WARN_OBJC_LITERAL_CONVERSION = YES;
				CLANG_WARN_OBJC_ROOT_CLASS = YES_ERROR;
				CLANG_WARN_RANGE_LOOP_ANALYSIS = YES;
				CLANG_WARN_STRICT_PROTOTYPES = YES;
				CLANG_WARN_SUSPICIOUS_MOVE = YES;
				CLANG_WARN_UNGUARDED_AVAILABILITY = YES_AGGRESSIVE;
				CLANG_WARN_UNREACHABLE_CODE = YES;
				CLANG_WARN__DUPLICATE_METHOD_MATCH = YES;
				CODE_SIGN_IDENTITY = "iPhone Developer";
				COPY_PHASE_STRIP = NO;
				DEBUG_INFORMATION_FORMAT = "dwarf-with-dsym";
				ENABLE_NS_ASSERTIONS = NO;
				ENABLE_STRICT_OBJC_MSGSEND = YES;
				GCC_C_LANGUAGE_STANDARD = gnu11;
				GCC_NO_COMMON_BLOCKS = YES;
				GCC_WARN_64_TO_32_BIT_CONVERSION = YES;
				GCC_WARN_ABOUT_RETURN_TYPE = YES_ERROR;
				GCC_WARN_UNDECLARED_SELECTOR = YES;
				GCC_WARN_UNINITIALIZED_AUTOS = YES_AGGRESSIVE;
				GCC_WARN_UNUSED_FUNCTION = YES;
				GCC_WARN_UNUSED_VARIABLE = YES;
				IPHONEOS_DEPLOYMENT_TARGET = 12.2;
				MTL_ENABLE_DEBUG_INFO = NO;
				MTL_FAST_MATH = YES;
				SDKROOT = iphoneos;
				SWIFT_COMPILATION_MODE = wholemodule;
				SWIFT_OPTIMIZATION_LEVEL = "-O";
				VALIDATE_PRODUCT = YES;
			};
			name = Release;
		};
		05AFBC61224DC3EB002FD9BA /* Debug */ = {
			isa = XCBuildConfiguration;
			buildSettings = {
				ASSETCATALOG_COMPILER_APPICON_NAME = AppIcon;
				CODE_SIGN_STYLE = Automatic;
				DEVELOPMENT_TEAM = CN924VFVRA;
				INFOPLIST_FILE = "Core Animations/Info.plist";
				LD_RUNPATH_SEARCH_PATHS = (
					"$(inherited)",
					"@executable_path/Frameworks",
				);
				PRODUCT_BUNDLE_IDENTIFIER = "com.bilguun.Core-Animations";
				PRODUCT_NAME = "$(TARGET_NAME)";
				SWIFT_VERSION = 5.0;
				TARGETED_DEVICE_FAMILY = "1,2";
			};
			name = Debug;
		};
		05AFBC62224DC3EB002FD9BA /* Release */ = {
			isa = XCBuildConfiguration;
			buildSettings = {
				ASSETCATALOG_COMPILER_APPICON_NAME = AppIcon;
				CODE_SIGN_STYLE = Automatic;
				DEVELOPMENT_TEAM = CN924VFVRA;
				INFOPLIST_FILE = "Core Animations/Info.plist";
				LD_RUNPATH_SEARCH_PATHS = (
					"$(inherited)",
					"@executable_path/Frameworks",
				);
				PRODUCT_BUNDLE_IDENTIFIER = "com.bilguun.Core-Animations";
				PRODUCT_NAME = "$(TARGET_NAME)";
				SWIFT_VERSION = 5.0;
				TARGETED_DEVICE_FAMILY = "1,2";
			};
			name = Release;
		};
/* End XCBuildConfiguration section */

/* Begin XCConfigurationList section */
		05AFBC49224DC3EA002FD9BA /* Build configuration list for PBXProject "Core Animations" */ = {
			isa = XCConfigurationList;
			buildConfigurations = (
				05AFBC5E224DC3EB002FD9BA /* Debug */,
				05AFBC5F224DC3EB002FD9BA /* Release */,
			);
			defaultConfigurationIsVisible = 0;
			defaultConfigurationName = Release;
		};
		05AFBC60224DC3EB002FD9BA /* Build configuration list for PBXNativeTarget "Core Animations" */ = {
			isa = XCConfigurationList;
			buildConfigurations = (
				05AFBC61224DC3EB002FD9BA /* Debug */,
				05AFBC62224DC3EB002FD9BA /* Release */,
			);
			defaultConfigurationIsVisible = 0;
			defaultConfigurationName = Release;
		};
/* End XCConfigurationList section */
	};
	rootObject = 05AFBC46224DC3EA002FD9BA /* Project object */;
}
